// !$*UTF8*$!
{
	archiveVersion = 1;
	classes = {
	};
	objectVersion = 51;
	objects = {

/* Begin PBXBuildFile section */
		A327291E248544B200E7D7A7 /* CustomCell.swift in Sources */ = {isa = PBXBuildFile; fileRef = A327291D248544B200E7D7A7 /* CustomCell.swift */; };
		A32AA1922485631D00A807B9 /* SpendingModel.swift in Sources */ = {isa = PBXBuildFile; fileRef = A32AA1912485631D00A807B9 /* SpendingModel.swift */; };
		A32D2E63247DBE0700C1FFE3 /* AppDelegate.swift in Sources */ = {isa = PBXBuildFile; fileRef = A32D2E62247DBE0700C1FFE3 /* AppDelegate.swift */; };
		A32D2E65247DBE0700C1FFE3 /* SceneDelegate.swift in Sources */ = {isa = PBXBuildFile; fileRef = A32D2E64247DBE0700C1FFE3 /* SceneDelegate.swift */; };
		A32D2E67247DBE0700C1FFE3 /* ViewController.swift in Sources */ = {isa = PBXBuildFile; fileRef = A32D2E66247DBE0700C1FFE3 /* ViewController.swift */; };
		A32D2E6A247DBE0700C1FFE3 /* Main.storyboard in Resources */ = {isa = PBXBuildFile; fileRef = A32D2E68247DBE0700C1FFE3 /* Main.storyboard */; };
		A32D2E6C247DBE0800C1FFE3 /* Assets.xcassets in Resources */ = {isa = PBXBuildFile; fileRef = A32D2E6B247DBE0800C1FFE3 /* Assets.xcassets */; };
		A32D2E6F247DBE0800C1FFE3 /* LaunchScreen.storyboard in Resources */ = {isa = PBXBuildFile; fileRef = A32D2E6D247DBE0800C1FFE3 /* LaunchScreen.storyboard */; };
		D971ACB9E3F52BFD0B34870D /* Pods_FirstMoNeyAccounting.framework in Frameworks */ = {isa = PBXBuildFile; fileRef = F9DA8C369F3E6954C5EE3854 /* Pods_FirstMoNeyAccounting.framework */; };
/* End PBXBuildFile section */

/* Begin PBXFileReference section */
		267166C89B039DA62B742BDC /* Pods-FirstMoNeyAccounting.debug.xcconfig */ = {isa = PBXFileReference; includeInIndex = 1; lastKnownFileType = text.xcconfig; name = "Pods-FirstMoNeyAccounting.debug.xcconfig"; path = "Target Support Files/Pods-FirstMoNeyAccounting/Pods-FirstMoNeyAccounting.debug.xcconfig"; sourceTree = "<group>"; };
		422C9436B57036074B3FDE3D /* Pods-FirstMoNeyAccounting.release.xcconfig */ = {isa = PBXFileReference; includeInIndex = 1; lastKnownFileType = text.xcconfig; name = "Pods-FirstMoNeyAccounting.release.xcconfig"; path = "Target Support Files/Pods-FirstMoNeyAccounting/Pods-FirstMoNeyAccounting.release.xcconfig"; sourceTree = "<group>"; };
		A327291D248544B200E7D7A7 /* CustomCell.swift */ = {isa = PBXFileReference; lastKnownFileType = sourcecode.swift; path = CustomCell.swift; sourceTree = "<group>"; };
		A32AA1912485631D00A807B9 /* SpendingModel.swift */ = {isa = PBXFileReference; lastKnownFileType = sourcecode.swift; path = SpendingModel.swift; sourceTree = "<group>"; };
		A32D2E5F247DBE0700C1FFE3 /* FirstMoNeyAccounting.app */ = {isa = PBXFileReference; explicitFileType = wrapper.application; includeInIndex = 0; path = FirstMoNeyAccounting.app; sourceTree = BUILT_PRODUCTS_DIR; };
		A32D2E62247DBE0700C1FFE3 /* AppDelegate.swift */ = {isa = PBXFileReference; lastKnownFileType = sourcecode.swift; path = AppDelegate.swift; sourceTree = "<group>"; };
		A32D2E64247DBE0700C1FFE3 /* SceneDelegate.swift */ = {isa = PBXFileReference; lastKnownFileType = sourcecode.swift; path = SceneDelegate.swift; sourceTree = "<group>"; };
		A32D2E66247DBE0700C1FFE3 /* ViewController.swift */ = {isa = PBXFileReference; lastKnownFileType = sourcecode.swift; path = ViewController.swift; sourceTree = "<group>"; };
		A32D2E69247DBE0700C1FFE3 /* Base */ = {isa = PBXFileReference; lastKnownFileType = file.storyboard; name = Base; path = Base.lproj/Main.storyboard; sourceTree = "<group>"; };
		A32D2E6B247DBE0800C1FFE3 /* Assets.xcassets */ = {isa = PBXFileReference; lastKnownFileType = folder.assetcatalog; path = Assets.xcassets; sourceTree = "<group>"; };
		A32D2E6E247DBE0800C1FFE3 /* Base */ = {isa = PBXFileReference; lastKnownFileType = file.storyboard; name = Base; path = Base.lproj/LaunchScreen.storyboard; sourceTree = "<group>"; };
		A32D2E70247DBE0800C1FFE3 /* Info.plist */ = {isa = PBXFileReference; lastKnownFileType = text.plist.xml; path = Info.plist; sourceTree = "<group>"; };
		F9DA8C369F3E6954C5EE3854 /* Pods_FirstMoNeyAccounting.framework */ = {isa = PBXFileReference; explicitFileType = wrapper.framework; includeInIndex = 0; path = Pods_FirstMoNeyAccounting.framework; sourceTree = BUILT_PRODUCTS_DIR; };
/* End PBXFileReference section */

/* Begin PBXFrameworksBuildPhase section */
		A32D2E5C247DBE0700C1FFE3 /* Frameworks */ = {
			isa = PBXFrameworksBuildPhase;
			buildActionMask = 2147483647;
			files = (
				D971ACB9E3F52BFD0B34870D /* Pods_FirstMoNeyAccounting.framework in Frameworks */,
			);
			runOnlyForDeploymentPostprocessing = 0;
		};
/* End PBXFrameworksBuildPhase section */

/* Begin PBXGroup section */
		04D67826DBC4D34338B94773 /* Frameworks */ = {
			isa = PBXGroup;
			children = (
				F9DA8C369F3E6954C5EE3854 /* Pods_FirstMoNeyAccounting.framework */,
			);
			name = Frameworks;
			sourceTree = "<group>";
		};
		A32D2E56247DBE0700C1FFE3 = {
			isa = PBXGroup;
			children = (
				A32D2E61247DBE0700C1FFE3 /* FirstMoNeyAccounting */,
				A32D2E60247DBE0700C1FFE3 /* Products */,
				AB27BE95C7318A4F21E25EA5 /* Pods */,
				04D67826DBC4D34338B94773 /* Frameworks */,
			);
			sourceTree = "<group>";
		};
		A32D2E60247DBE0700C1FFE3 /* Products */ = {
			isa = PBXGroup;
			children = (
				A32D2E5F247DBE0700C1FFE3 /* FirstMoNeyAccounting.app */,
			);
			name = Products;
			sourceTree = "<group>";
		};
		A32D2E61247DBE0700C1FFE3 /* FirstMoNeyAccounting */ = {
			isa = PBXGroup;
			children = (
				A32D2E62247DBE0700C1FFE3 /* AppDelegate.swift */,
				A32D2E64247DBE0700C1FFE3 /* SceneDelegate.swift */,
				A32D2E66247DBE0700C1FFE3 /* ViewController.swift */,
				A327291D248544B200E7D7A7 /* CustomCell.swift */,
				A32AA1912485631D00A807B9 /* SpendingModel.swift */,
				A32D2E68247DBE0700C1FFE3 /* Main.storyboard */,
				A32D2E6B247DBE0800C1FFE3 /* Assets.xcassets */,
				A32D2E6D247DBE0800C1FFE3 /* LaunchScreen.storyboard */,
				A32D2E70247DBE0800C1FFE3 /* Info.plist */,
			);
			path = FirstMoNeyAccounting;
			sourceTree = "<group>";
		};
		AB27BE95C7318A4F21E25EA5 /* Pods */ = {
			isa = PBXGroup;
			children = (
				267166C89B039DA62B742BDC /* Pods-FirstMoNeyAccounting.debug.xcconfig */,
				422C9436B57036074B3FDE3D /* Pods-FirstMoNeyAccounting.release.xcconfig */,
			);
			path = Pods;
			sourceTree = "<group>";
		};
/* End PBXGroup section */

/* Begin PBXNativeTarget section */
		A32D2E5E247DBE0700C1FFE3 /* FirstMoNeyAccounting */ = {
			isa = PBXNativeTarget;
			buildConfigurationList = A32D2E73247DBE0800C1FFE3 /* Build configuration list for PBXNativeTarget "FirstMoNeyAccounting" */;
			buildPhases = (
				95FE3084C34BD098BF1EECED /* [CP] Check Pods Manifest.lock */,
				A32D2E5B247DBE0700C1FFE3 /* Sources */,
				A32D2E5C247DBE0700C1FFE3 /* Frameworks */,
				A32D2E5D247DBE0700C1FFE3 /* Resources */,
				7AD7D3EC6FDD9FD425AEAD74 /* [CP] Embed Pods Frameworks */,
			);
			buildRules = (
			);
			dependencies = (
			);
			name = FirstMoNeyAccounting;
			productName = FirstMoNeyAccounting;
			productReference = A32D2E5F247DBE0700C1FFE3 /* FirstMoNeyAccounting.app */;
			productType = "com.apple.product-type.application";
		};
/* End PBXNativeTarget section */

/* Begin PBXProject section */
		A32D2E57247DBE0700C1FFE3 /* Project object */ = {
			isa = PBXProject;
			attributes = {
				LastSwiftUpdateCheck = 1130;
				LastUpgradeCheck = 1130;
				ORGANIZATIONNAME = fedir;
				TargetAttributes = {
					A32D2E5E247DBE0700C1FFE3 = {
						CreatedOnToolsVersion = 11.3;
					};
				};
			};
			buildConfigurationList = A32D2E5A247DBE0700C1FFE3 /* Build configuration list for PBXProject "FirstMoNeyAccounting" */;
			compatibilityVersion = "Xcode 9.3";
			developmentRegion = en;
			hasScannedForEncodings = 0;
			knownRegions = (
				en,
				Base,
			);
			mainGroup = A32D2E56247DBE0700C1FFE3;
			productRefGroup = A32D2E60247DBE0700C1FFE3 /* Products */;
			projectDirPath = "";
			projectRoot = "";
			targets = (
				A32D2E5E247DBE0700C1FFE3 /* FirstMoNeyAccounting */,
			);
		};
/* End PBXProject section */

/* Begin PBXResourcesBuildPhase section */
		A32D2E5D247DBE0700C1FFE3 /* Resources */ = {
			isa = PBXResourcesBuildPhase;
			buildActionMask = 2147483647;
			files = (
				A32D2E6F247DBE0800C1FFE3 /* LaunchScreen.storyboard in Resources */,
				A32D2E6C247DBE0800C1FFE3 /* Assets.xcassets in Resources */,
				A32D2E6A247DBE0700C1FFE3 /* Main.storyboard in Resources */,
			);
			runOnlyForDeploymentPostprocessing = 0;
		};
/* End PBXResourcesBuildPhase section */

/* Begin PBXShellScriptBuildPhase section */
		7AD7D3EC6FDD9FD425AEAD74 /* [CP] Embed Pods Frameworks */ = {
			isa = PBXShellScriptBuildPhase;
			buildActionMask = 2147483647;
			files = (
			);
			inputFileListPaths = (
				"${PODS_ROOT}/Target Support Files/Pods-FirstMoNeyAccounting/Pods-FirstMoNeyAccounting-frameworks-${CONFIGURATION}-input-files.xcfilelist",
			);
			name = "[CP] Embed Pods Frameworks";
			outputFileListPaths = (
				"${PODS_ROOT}/Target Support Files/Pods-FirstMoNeyAccounting/Pods-FirstMoNeyAccounting-frameworks-${CONFIGURATION}-output-files.xcfilelist",
			);
			runOnlyForDeploymentPostprocessing = 0;
			shellPath = /bin/sh;
			shellScript = "\"${PODS_ROOT}/Target Support Files/Pods-FirstMoNeyAccounting/Pods-FirstMoNeyAccounting-frameworks.sh\"\n";
			showEnvVarsInLog = 0;
		};
		95FE3084C34BD098BF1EECED /* [CP] Check Pods Manifest.lock */ = {
			isa = PBXShellScriptBuildPhase;
			buildActionMask = 2147483647;
			files = (
			);
			inputFileListPaths = (
			);
			inputPaths = (
				"${PODS_PODFILE_DIR_PATH}/Podfile.lock",
				"${PODS_ROOT}/Manifest.lock",
			);
			name = "[CP] Check Pods Manifest.lock";
			outputFileListPaths = (
			);
			outputPaths = (
				"$(DERIVED_FILE_DIR)/Pods-FirstMoNeyAccounting-checkManifestLockResult.txt",
			);
			runOnlyForDeploymentPostprocessing = 0;
			shellPath = /bin/sh;
			shellScript = "diff \"${PODS_PODFILE_DIR_PATH}/Podfile.lock\" \"${PODS_ROOT}/Manifest.lock\" > /dev/null\nif [ $? != 0 ] ; then\n    # print error to STDERR\n    echo \"error: The sandbox is not in sync with the Podfile.lock. Run 'pod install' or update your CocoaPods installation.\" >&2\n    exit 1\nfi\n# This output is used by Xcode 'outputs' to avoid re-running this script phase.\necho \"SUCCESS\" > \"${SCRIPT_OUTPUT_FILE_0}\"\n";
			showEnvVarsInLog = 0;
		};
/* End PBXShellScriptBuildPhase section */

/* Begin PBXSourcesBuildPhase section */
		A32D2E5B247DBE0700C1FFE3 /* Sources */ = {
			isa = PBXSourcesBuildPhase;
			buildActionMask = 2147483647;
			files = (
				A32D2E67247DBE0700C1FFE3 /* ViewController.swift in Sources */,
				A32D2E63247DBE0700C1FFE3 /* AppDelegate.swift in Sources */,
				A327291E248544B200E7D7A7 /* CustomCell.swift in Sources */,
				A32AA1922485631D00A807B9 /* SpendingModel.swift in Sources */,
				A32D2E65247DBE0700C1FFE3 /* SceneDelegate.swift in Sources */,
			);
			runOnlyForDeploymentPostprocessing = 0;
		};
/* End PBXSourcesBuildPhase section */

/* Begin PBXVariantGroup section */
		A32D2E68247DBE0700C1FFE3 /* Main.storyboard */ = {
			isa = PBXVariantGroup;
			children = (
				A32D2E69247DBE0700C1FFE3 /* Base */,
			);
			name = Main.storyboard;
			sourceTree = "<group>";
		};
		A32D2E6D247DBE0800C1FFE3 /* LaunchScreen.storyboard */ = {
			isa = PBXVariantGroup;
			children = (
				A32D2E6E247DBE0800C1FFE3 /* Base */,
			);
			name = LaunchScreen.storyboard;
			sourceTree = "<group>";
		};
/* End PBXVariantGroup section */

/* Begin XCBuildConfiguration section */
		A32D2E71247DBE0800C1FFE3 /* Debug */ = {
			isa = XCBuildConfiguration;
			buildSettings = {
				ALWAYS_SEARCH_USER_PATHS = NO;
				CLANG_ANALYZER_NONNULL = YES;
				CLANG_ANALYZER_NUMBER_OBJECT_CONVERSION = YES_AGGRESSIVE;
				CLANG_CXX_LANGUAGE_STANDARD = "gnu++14";
				CLANG_CXX_LIBRARY = "libc++";
				CLANG_ENABLE_MODULES = YES;
				CLANG_ENABLE_OBJC_ARC = YES;
				CLANG_ENABLE_OBJC_WEAK = YES;
				CLANG_WARN_BLOCK_CAPTURE_AUTORELEASING = YES;
				CLANG_WARN_BOOL_CONVERSION = YES;
				CLANG_WARN_COMMA = YES;
				CLANG_WARN_CONSTANT_CONVERSION = YES;
				CLANG_WARN_DEPRECATED_OBJC_IMPLEMENTATIONS = YES;
				CLANG_WARN_DIRECT_OBJC_ISA_USAGE = YES_ERROR;
				CLANG_WARN_DOCUMENTATION_COMMENTS = YES;
				CLANG_WARN_EMPTY_BODY = YES;
				CLANG_WARN_ENUM_CONVERSION = YES;
				CLANG_WARN_INFINITE_RECURSION = YES;
				CLANG_WARN_INT_CONVERSION = YES;
				CLANG_WARN_NON_LITERAL_NULL_CONVERSION = YES;
				CLANG_WARN_OBJC_IMPLICIT_RETAIN_SELF = YES;
				CLANG_WARN_OBJC_LITERAL_CONVERSION = YES;
				CLANG_WARN_OBJC_ROOT_CLASS = YES_ERROR;
				CLANG_WARN_RANGE_LOOP_ANALYSIS = YES;
				CLANG_WARN_STRICT_PROTOTYPES = YES;
				CLANG_WARN_SUSPICIOUS_MOVE = YES;
				CLANG_WARN_UNGUARDED_AVAILABILITY = YES_AGGRESSIVE;
				CLANG_WARN_UNREACHABLE_CODE = YES;
				CLANG_WARN__DUPLICATE_METHOD_MATCH = YES;
				COPY_PHASE_STRIP = NO;
				DEBUG_INFORMATION_FORMAT = dwarf;
				ENABLE_STRICT_OBJC_MSGSEND = YES;
				ENABLE_TESTABILITY = YES;
				GCC_C_LANGUAGE_STANDARD = gnu11;
				GCC_DYNAMIC_NO_PIC = NO;
				GCC_NO_COMMON_BLOCKS = YES;
				GCC_OPTIMIZATION_LEVEL = 0;
				GCC_PREPROCESSOR_DEFINITIONS = (
					"DEBUG=1",
					"$(inherited)",
				);
				GCC_WARN_64_TO_32_BIT_CONVERSION = YES;
				GCC_WARN_ABOUT_RETURN_TYPE = YES_ERROR;
				GCC_WARN_UNDECLARED_SELECTOR = YES;
				GCC_WARN_UNINITIALIZED_AUTOS = YES_AGGRESSIVE;
				GCC_WARN_UNUSED_FUNCTION = YES;
				GCC_WARN_UNUSED_VARIABLE = YES;
				IPHONEOS_DEPLOYMENT_TARGET = 13.2;
				MTL_ENABLE_DEBUG_INFO = INCLUDE_SOURCE;
				MTL_FAST_MATH = YES;
				ONLY_ACTIVE_ARCH = YES;
				SDKROOT = iphoneos;
				SWIFT_ACTIVE_COMPILATION_CONDITIONS = DEBUG;
				SWIFT_OPTIMIZATION_LEVEL = "-Onone";
			};
			name = Debug;
		};
		A32D2E72247DBE0800C1FFE3 /* Release */ = {
			isa = XCBuildConfiguration;
			buildSettings = {
				ALWAYS_SEARCH_USER_PATHS = NO;
				CLANG_ANALYZER_NONNULL = YES;
				CLANG_ANALYZER_NUMBER_OBJECT_CONVERSION = YES_AGGRESSIVE;
				CLANG_CXX_LANGUAGE_STANDARD = "gnu++14";
				CLANG_CXX_LIBRARY = "libc++";
				CLANG_ENABLE_MODULES = YES;
				CLANG_ENABLE_OBJC_ARC = YES;
				CLANG_ENABLE_OBJC_WEAK = YES;
				CLANG_WARN_BLOCK_CAPTURE_AUTORELEASING = YES;
				CLANG_WARN_BOOL_CONVERSION = YES;
				CLANG_WARN_COMMA = YES;
				CLANG_WARN_CONSTANT_CONVERSION = YES;
				CLANG_WARN_DEPRECATED_OBJC_IMPLEMENTATIONS = YES;
				CLANG_WARN_DIRECT_OBJC_ISA_USAGE = YES_ERROR;
				CLANG_WARN_DOCUMENTATION_COMMENTS = YES;
				CLANG_WARN_EMPTY_BODY = YES;
				CLANG_WARN_ENUM_CONVERSION = YES;
				CLANG_WARN_INFINITE_RECURSION = YES;
				CLANG_WARN_INT_CONVERSION = YES;
				CLANG_WARN_NON_LITERAL_NULL_CONVERSION = YES;
				CLANG_WARN_OBJC_IMPLICIT_RETAIN_SELF = YES;
				CLANG_WARN_OBJC_LITERAL_CONVERSION = YES;
				CLANG_WARN_OBJC_ROOT_CLASS = YES_ERROR;
				CLANG_WARN_RANGE_LOOP_ANALYSIS = YES;
				CLANG_WARN_STRICT_PROTOTYPES = YES;
				CLANG_WARN_SUSPICIOUS_MOVE = YES;
				CLANG_WARN_UNGUARDED_AVAILABILITY = YES_AGGRESSIVE;
				CLANG_WARN_UNREACHABLE_CODE = YES;
				CLANG_WARN__DUPLICATE_METHOD_MATCH = YES;
				COPY_PHASE_STRIP = NO;
				DEBUG_INFORMATION_FORMAT = "dwarf-with-dsym";
				ENABLE_NS_ASSERTIONS = NO;
				ENABLE_STRICT_OBJC_MSGSEND = YES;
				GCC_C_LANGUAGE_STANDARD = gnu11;
				GCC_NO_COMMON_BLOCKS = YES;
				GCC_WARN_64_TO_32_BIT_CONVERSION = YES;
				GCC_WARN_ABOUT_RETURN_TYPE = YES_ERROR;
				GCC_WARN_UNDECLARED_SELECTOR = YES;
				GCC_WARN_UNINITIALIZED_AUTOS = YES_AGGRESSIVE;
				GCC_WARN_UNUSED_FUNCTION = YES;
				GCC_WARN_UNUSED_VARIABLE = YES;
				IPHONEOS_DEPLOYMENT_TARGET = 13.2;
				MTL_ENABLE_DEBUG_INFO = NO;
				MTL_FAST_MATH = YES;
				SDKROOT = iphoneos;
				SWIFT_COMPILATION_MODE = wholemodule;
				SWIFT_OPTIMIZATION_LEVEL = "-O";
				VALIDATE_PRODUCT = YES;
			};
			name = Release;
		};
		A32D2E74247DBE0800C1FFE3 /* Debug */ = {
			isa = XCBuildConfiguration;
			baseConfigurationReference = 267166C89B039DA62B742BDC /* Pods-FirstMoNeyAccounting.debug.xcconfig */;
			buildSettings = {
				ASSETCATALOG_COMPILER_APPICON_NAME = AppIcon;
				CODE_SIGN_STYLE = Automatic;
				DEVELOPMENT_TEAM = YPXDVQFQ53;
				INFOPLIST_FILE = FirstMoNeyAccounting/Info.plist;
				LD_RUNPATH_SEARCH_PATHS = (
					"$(inherited)",
					"@executable_path/Frameworks",
				);
				PRODUCT_BUNDLE_IDENTIFIER = fedir72.FirstMoNeyAccounting;
				PRODUCT_NAME = "$(TARGET_NAME)";
				SWIFT_VERSION = 5.0;
				TARGETED_DEVICE_FAMILY = "1,2";
			};
			name = Debug;
		};
		A32D2E75247DBE0800C1FFE3 /* Release */ = {
			isa = XCBuildConfiguration;
			baseConfigurationReference = 422C9436B57036074B3FDE3D /* Pods-FirstMoNeyAccounting.release.xcconfig */;
			buildSettings = {
				ASSETCATALOG_COMPILER_APPICON_NAME = AppIcon;
				CODE_SIGN_STYLE = Automatic;
				DEVELOPMENT_TEAM = YPXDVQFQ53;
				INFOPLIST_FILE = FirstMoNeyAccounting/Info.plist;
				LD_RUNPATH_SEARCH_PATHS = (
					"$(inherited)",
					"@executable_path/Frameworks",
				);
				PRODUCT_BUNDLE_IDENTIFIER = fedir72.FirstMoNeyAccounting;
				PRODUCT_NAME = "$(TARGET_NAME)";
				SWIFT_VERSION = 5.0;
				TARGETED_DEVICE_FAMILY = "1,2";
			};
			name = Release;
		};
/* End XCBuildConfiguration section */

/* Begin XCConfigurationList section */
		A32D2E5A247DBE0700C1FFE3 /* Build configuration list for PBXProject "FirstMoNeyAccounting" */ = {
			isa = XCConfigurationList;
			buildConfigurations = (
				A32D2E71247DBE0800C1FFE3 /* Debug */,
				A32D2E72247DBE0800C1FFE3 /* Release */,
			);
			defaultConfigurationIsVisible = 0;
			defaultConfigurationName = Release;
		};
		A32D2E73247DBE0800C1FFE3 /* Build configuration list for PBXNativeTarget "FirstMoNeyAccounting" */ = {
			isa = XCConfigurationList;
			buildConfigurations = (
				A32D2E74247DBE0800C1FFE3 /* Debug */,
				A32D2E75247DBE0800C1FFE3 /* Release */,
			);
			defaultConfigurationIsVisible = 0;
			defaultConfigurationName = Release;
		};
/* End XCConfigurationList section */
	};
	rootObject = A32D2E57247DBE0700C1FFE3 /* Project object */;
}
